// !$*UTF8*$!
{
	archiveVersion = 1;
	classes = {
	};
	objectVersion = 46;
	objects = {

/* Begin PBXBuildFile section */
		3720AC791DA9DCF400F2CD07 /* AppDelegate.swift in Sources */ = {isa = PBXBuildFile; fileRef = 3720AC781DA9DCF400F2CD07 /* AppDelegate.swift */; };
		3720AC7B1DA9DCF400F2CD07 /* ViewController.swift in Sources */ = {isa = PBXBuildFile; fileRef = 3720AC7A1DA9DCF400F2CD07 /* ViewController.swift */; };
		3720AC7E1DA9DCF400F2CD07 /* Main.storyboard in Resources */ = {isa = PBXBuildFile; fileRef = 3720AC7C1DA9DCF400F2CD07 /* Main.storyboard */; };
		3720AC801DA9DCF400F2CD07 /* Assets.xcassets in Resources */ = {isa = PBXBuildFile; fileRef = 3720AC7F1DA9DCF400F2CD07 /* Assets.xcassets */; };
		3720AC831DA9DCF400F2CD07 /* LaunchScreen.storyboard in Resources */ = {isa = PBXBuildFile; fileRef = 3720AC811DA9DCF400F2CD07 /* LaunchScreen.storyboard */; };
		3720AC8E1DA9DCF400F2CD07 /* firstAppTests.swift in Sources */ = {isa = PBXBuildFile; fileRef = 3720AC8D1DA9DCF400F2CD07 /* firstAppTests.swift */; };
		3720AC991DA9DCF400F2CD07 /* firstAppUITests.swift in Sources */ = {isa = PBXBuildFile; fileRef = 3720AC981DA9DCF400F2CD07 /* firstAppUITests.swift */; };
/* End PBXBuildFile section */

/* Begin PBXContainerItemProxy section */
		3720AC8A1DA9DCF400F2CD07 /* PBXContainerItemProxy */ = {
			isa = PBXContainerItemProxy;
			containerPortal = 3720AC6D1DA9DCF400F2CD07 /* Project object */;
			proxyType = 1;
			remoteGlobalIDString = 3720AC741DA9DCF400F2CD07;
			remoteInfo = firstApp;
		};
		3720AC951DA9DCF400F2CD07 /* PBXContainerItemProxy */ = {
			isa = PBXContainerItemProxy;
			containerPortal = 3720AC6D1DA9DCF400F2CD07 /* Project object */;
			proxyType = 1;
			remoteGlobalIDString = 3720AC741DA9DCF400F2CD07;
			remoteInfo = firstApp;
		};
/* End PBXContainerItemProxy section */

/* Begin PBXFileReference section */
		3720AC751DA9DCF400F2CD07 /* firstApp.app */ = {isa = PBXFileReference; explicitFileType = wrapper.application; includeInIndex = 0; path = firstApp.app; sourceTree = BUILT_PRODUCTS_DIR; };
		3720AC781DA9DCF400F2CD07 /* AppDelegate.swift */ = {isa = PBXFileReference; lastKnownFileType = sourcecode.swift; path = AppDelegate.swift; sourceTree = "<group>"; };
		3720AC7A1DA9DCF400F2CD07 /* ViewController.swift */ = {isa = PBXFileReference; lastKnownFileType = sourcecode.swift; path = ViewController.swift; sourceTree = "<group>"; };
		3720AC7D1DA9DCF400F2CD07 /* Base */ = {isa = PBXFileReference; lastKnownFileType = file.storyboard; name = Base; path = Base.lproj/Main.storyboard; sourceTree = "<group>"; };
		3720AC7F1DA9DCF400F2CD07 /* Assets.xcassets */ = {isa = PBXFileReference; lastKnownFileType = folder.assetcatalog; path = Assets.xcassets; sourceTree = "<group>"; };
		3720AC821DA9DCF400F2CD07 /* Base */ = {isa = PBXFileReference; lastKnownFileType = file.storyboard; name = Base; path = Base.lproj/LaunchScreen.storyboard; sourceTree = "<group>"; };
		3720AC841DA9DCF400F2CD07 /* Info.plist */ = {isa = PBXFileReference; lastKnownFileType = text.plist.xml; path = Info.plist; sourceTree = "<group>"; };
		3720AC891DA9DCF400F2CD07 /* firstAppTests.xctest */ = {isa = PBXFileReference; explicitFileType = wrapper.cfbundle; includeInIndex = 0; path = firstAppTests.xctest; sourceTree = BUILT_PRODUCTS_DIR; };
		3720AC8D1DA9DCF400F2CD07 /* firstAppTests.swift */ = {isa = PBXFileReference; lastKnownFileType = sourcecode.swift; path = firstAppTests.swift; sourceTree = "<group>"; };
		3720AC8F1DA9DCF400F2CD07 /* Info.plist */ = {isa = PBXFileReference; lastKnownFileType = text.plist.xml; path = Info.plist; sourceTree = "<group>"; };
		3720AC941DA9DCF400F2CD07 /* firstAppUITests.xctest */ = {isa = PBXFileReference; explicitFileType = wrapper.cfbundle; includeInIndex = 0; path = firstAppUITests.xctest; sourceTree = BUILT_PRODUCTS_DIR; };
		3720AC981DA9DCF400F2CD07 /* firstAppUITests.swift */ = {isa = PBXFileReference; lastKnownFileType = sourcecode.swift; path = firstAppUITests.swift; sourceTree = "<group>"; };
		3720AC9A1DA9DCF400F2CD07 /* Info.plist */ = {isa = PBXFileReference; lastKnownFileType = text.plist.xml; path = Info.plist; sourceTree = "<group>"; };
/* End PBXFileReference section */

/* Begin PBXFrameworksBuildPhase section */
		3720AC721DA9DCF400F2CD07 /* Frameworks */ = {
			isa = PBXFrameworksBuildPhase;
			buildActionMask = 2147483647;
			files = (
			);
			runOnlyForDeploymentPostprocessing = 0;
		};
		3720AC861DA9DCF400F2CD07 /* Frameworks */ = {
			isa = PBXFrameworksBuildPhase;
			buildActionMask = 2147483647;
			files = (
			);
			runOnlyForDeploymentPostprocessing = 0;
		};
		3720AC911DA9DCF400F2CD07 /* Frameworks */ = {
			isa = PBXFrameworksBuildPhase;
			buildActionMask = 2147483647;
			files = (
			);
			runOnlyForDeploymentPostprocessing = 0;
		};
/* End PBXFrameworksBuildPhase section */

/* Begin PBXGroup section */
		3720AC6C1DA9DCF400F2CD07 = {
			isa = PBXGroup;
			children = (
				3720AC771DA9DCF400F2CD07 /* firstApp */,
				3720AC8C1DA9DCF400F2CD07 /* firstAppTests */,
				3720AC971DA9DCF400F2CD07 /* firstAppUITests */,
				3720AC761DA9DCF400F2CD07 /* Products */,
			);
			sourceTree = "<group>";
		};
		3720AC761DA9DCF400F2CD07 /* Products */ = {
			isa = PBXGroup;
			children = (
				3720AC751DA9DCF400F2CD07 /* firstApp.app */,
				3720AC891DA9DCF400F2CD07 /* firstAppTests.xctest */,
				3720AC941DA9DCF400F2CD07 /* firstAppUITests.xctest */,
			);
			name = Products;
			sourceTree = "<group>";
		};
		3720AC771DA9DCF400F2CD07 /* firstApp */ = {
			isa = PBXGroup;
			children = (
				3720AC781DA9DCF400F2CD07 /* AppDelegate.swift */,
				3720AC7A1DA9DCF400F2CD07 /* ViewController.swift */,
				3720AC7C1DA9DCF400F2CD07 /* Main.storyboard */,
				3720AC7F1DA9DCF400F2CD07 /* Assets.xcassets */,
				3720AC811DA9DCF400F2CD07 /* LaunchScreen.storyboard */,
				3720AC841DA9DCF400F2CD07 /* Info.plist */,
			);
			path = firstApp;
			sourceTree = "<group>";
		};
		3720AC8C1DA9DCF400F2CD07 /* firstAppTests */ = {
			isa = PBXGroup;
			children = (
				3720AC8D1DA9DCF400F2CD07 /* firstAppTests.swift */,
				3720AC8F1DA9DCF400F2CD07 /* Info.plist */,
			);
			path = firstAppTests;
			sourceTree = "<group>";
		};
		3720AC971DA9DCF400F2CD07 /* firstAppUITests */ = {
			isa = PBXGroup;
			children = (
				3720AC981DA9DCF400F2CD07 /* firstAppUITests.swift */,
				3720AC9A1DA9DCF400F2CD07 /* Info.plist */,
			);
			path = firstAppUITests;
			sourceTree = "<group>";
		};
/* End PBXGroup section */

/* Begin PBXNativeTarget section */
		3720AC741DA9DCF400F2CD07 /* firstApp */ = {
			isa = PBXNativeTarget;
			buildConfigurationList = 3720AC9D1DA9DCF400F2CD07 /* Build configuration list for PBXNativeTarget "firstApp" */;
			buildPhases = (
				3720AC711DA9DCF400F2CD07 /* Sources */,
				3720AC721DA9DCF400F2CD07 /* Frameworks */,
				3720AC731DA9DCF400F2CD07 /* Resources */,
			);
			buildRules = (
			);
			dependencies = (
			);
			name = firstApp;
			productName = firstApp;
			productReference = 3720AC751DA9DCF400F2CD07 /* firstApp.app */;
			productType = "com.apple.product-type.application";
		};
		3720AC881DA9DCF400F2CD07 /* firstAppTests */ = {
			isa = PBXNativeTarget;
			buildConfigurationList = 3720ACA01DA9DCF400F2CD07 /* Build configuration list for PBXNativeTarget "firstAppTests" */;
			buildPhases = (
				3720AC851DA9DCF400F2CD07 /* Sources */,
				3720AC861DA9DCF400F2CD07 /* Frameworks */,
				3720AC871DA9DCF400F2CD07 /* Resources */,
			);
			buildRules = (
			);
			dependencies = (
				3720AC8B1DA9DCF400F2CD07 /* PBXTargetDependency */,
			);
			name = firstAppTests;
			productName = firstAppTests;
			productReference = 3720AC891DA9DCF400F2CD07 /* firstAppTests.xctest */;
			productType = "com.apple.product-type.bundle.unit-test";
		};
		3720AC931DA9DCF400F2CD07 /* firstAppUITests */ = {
			isa = PBXNativeTarget;
			buildConfigurationList = 3720ACA31DA9DCF400F2CD07 /* Build configuration list for PBXNativeTarget "firstAppUITests" */;
			buildPhases = (
				3720AC901DA9DCF400F2CD07 /* Sources */,
				3720AC911DA9DCF400F2CD07 /* Frameworks */,
				3720AC921DA9DCF400F2CD07 /* Resources */,
			);
			buildRules = (
			);
			dependencies = (
				3720AC961DA9DCF400F2CD07 /* PBXTargetDependency */,
			);
			name = firstAppUITests;
			productName = firstAppUITests;
			productReference = 3720AC941DA9DCF400F2CD07 /* firstAppUITests.xctest */;
			productType = "com.apple.product-type.bundle.ui-testing";
		};
/* End PBXNativeTarget section */

/* Begin PBXProject section */
		3720AC6D1DA9DCF400F2CD07 /* Project object */ = {
			isa = PBXProject;
			attributes = {
				LastSwiftUpdateCheck = 0730;
				LastUpgradeCheck = 0730;
				ORGANIZATIONNAME = blue;
				TargetAttributes = {
					3720AC741DA9DCF400F2CD07 = {
						CreatedOnToolsVersion = 7.3.1;
					};
					3720AC881DA9DCF400F2CD07 = {
						CreatedOnToolsVersion = 7.3.1;
						TestTargetID = 3720AC741DA9DCF400F2CD07;
					};
					3720AC931DA9DCF400F2CD07 = {
						CreatedOnToolsVersion = 7.3.1;
						TestTargetID = 3720AC741DA9DCF400F2CD07;
					};
				};
			};
			buildConfigurationList = 3720AC701DA9DCF400F2CD07 /* Build configuration list for PBXProject "firstApp" */;
			compatibilityVersion = "Xcode 3.2";
			developmentRegion = English;
			hasScannedForEncodings = 0;
			knownRegions = (
				en,
				Base,
			);
			mainGroup = 3720AC6C1DA9DCF400F2CD07;
			productRefGroup = 3720AC761DA9DCF400F2CD07 /* Products */;
			projectDirPath = "";
			projectRoot = "";
			targets = (
				3720AC741DA9DCF400F2CD07 /* firstApp */,
				3720AC881DA9DCF400F2CD07 /* firstAppTests */,
				3720AC931DA9DCF400F2CD07 /* firstAppUITests */,
			);
		};
/* End PBXProject section */

/* Begin PBXResourcesBuildPhase section */
		3720AC731DA9DCF400F2CD07 /* Resources */ = {
			isa = PBXResourcesBuildPhase;
			buildActionMask = 2147483647;
			files = (
				3720AC831DA9DCF400F2CD07 /* LaunchScreen.storyboard in Resources */,
				3720AC801DA9DCF400F2CD07 /* Assets.xcassets in Resources */,
				3720AC7E1DA9DCF400F2CD07 /* Main.storyboard in Resources */,
			);
			runOnlyForDeploymentPostprocessing = 0;
		};
		3720AC871DA9DCF400F2CD07 /* Resources */ = {
			isa = PBXResourcesBuildPhase;
			buildActionMask = 2147483647;
			files = (
			);
			runOnlyForDeploymentPostprocessing = 0;
		};
		3720AC921DA9DCF400F2CD07 /* Resources */ = {
			isa = PBXResourcesBuildPhase;
			buildActionMask = 2147483647;
			files = (
			);
			runOnlyForDeploymentPostprocessing = 0;
		};
/* End PBXResourcesBuildPhase section */

/* Begin PBXSourcesBuildPhase section */
		3720AC711DA9DCF400F2CD07 /* Sources */ = {
			isa = PBXSourcesBuildPhase;
			buildActionMask = 2147483647;
			files = (
				3720AC7B1DA9DCF400F2CD07 /* ViewController.swift in Sources */,
				3720AC791DA9DCF400F2CD07 /* AppDelegate.swift in Sources */,
			);
			runOnlyForDeploymentPostprocessing = 0;
		};
		3720AC851DA9DCF400F2CD07 /* Sources */ = {
			isa = PBXSourcesBuildPhase;
			buildActionMask = 2147483647;
			files = (
				3720AC8E1DA9DCF400F2CD07 /* firstAppTests.swift in Sources */,
			);
			runOnlyForDeploymentPostprocessing = 0;
		};
		3720AC901DA9DCF400F2CD07 /* Sources */ = {
			isa = PBXSourcesBuildPhase;
			buildActionMask = 2147483647;
			files = (
				3720AC991DA9DCF400F2CD07 /* firstAppUITests.swift in Sources */,
			);
			runOnlyForDeploymentPostprocessing = 0;
		};
/* End PBXSourcesBuildPhase section */

/* Begin PBXTargetDependency section */
		3720AC8B1DA9DCF400F2CD07 /* PBXTargetDependency */ = {
			isa = PBXTargetDependency;
			target = 3720AC741DA9DCF400F2CD07 /* firstApp */;
			targetProxy = 3720AC8A1DA9DCF400F2CD07 /* PBXContainerItemProxy */;
		};
		3720AC961DA9DCF400F2CD07 /* PBXTargetDependency */ = {
			isa = PBXTargetDependency;
			target = 3720AC741DA9DCF400F2CD07 /* firstApp */;
			targetProxy = 3720AC951DA9DCF400F2CD07 /* PBXContainerItemProxy */;
		};
/* End PBXTargetDependency section */

/* Begin PBXVariantGroup section */
		3720AC7C1DA9DCF400F2CD07 /* Main.storyboard */ = {
			isa = PBXVariantGroup;
			children = (
				3720AC7D1DA9DCF400F2CD07 /* Base */,
			);
			name = Main.storyboard;
			sourceTree = "<group>";
		};
		3720AC811DA9DCF400F2CD07 /* LaunchScreen.storyboard */ = {
			isa = PBXVariantGroup;
			children = (
				3720AC821DA9DCF400F2CD07 /* Base */,
			);
			name = LaunchScreen.storyboard;
			sourceTree = "<group>";
		};
/* End PBXVariantGroup section */

/* Begin XCBuildConfiguration section */
		3720AC9B1DA9DCF400F2CD07 /* Debug */ = {
			isa = XCBuildConfiguration;
			buildSettings = {
				ALWAYS_SEARCH_USER_PATHS = NO;
				CLANG_ANALYZER_NONNULL = YES;
				CLANG_CXX_LANGUAGE_STANDARD = "gnu++0x";
				CLANG_CXX_LIBRARY = "libc++";
				CLANG_ENABLE_MODULES = YES;
				CLANG_ENABLE_OBJC_ARC = YES;
				CLANG_WARN_BOOL_CONVERSION = YES;
				CLANG_WARN_CONSTANT_CONVERSION = YES;
				CLANG_WARN_DIRECT_OBJC_ISA_USAGE = YES_ERROR;
				CLANG_WARN_EMPTY_BODY = YES;
				CLANG_WARN_ENUM_CONVERSION = YES;
				CLANG_WARN_INT_CONVERSION = YES;
				CLANG_WARN_OBJC_ROOT_CLASS = YES_ERROR;
				CLANG_WARN_UNREACHABLE_CODE = YES;
				CLANG_WARN__DUPLICATE_METHOD_MATCH = YES;
				"CODE_SIGN_IDENTITY[sdk=iphoneos*]" = "iPhone Developer";
				COPY_PHASE_STRIP = NO;
				DEBUG_INFORMATION_FORMAT = dwarf;
				ENABLE_STRICT_OBJC_MSGSEND = YES;
				ENABLE_TESTABILITY = YES;
				GCC_C_LANGUAGE_STANDARD = gnu99;
				GCC_DYNAMIC_NO_PIC = NO;
				GCC_NO_COMMON_BLOCKS = YES;
				GCC_OPTIMIZATION_LEVEL = 0;
				GCC_PREPROCESSOR_DEFINITIONS = (
					"DEBUG=1",
					"$(inherited)",
				);
				GCC_WARN_64_TO_32_BIT_CONVERSION = YES;
				GCC_WARN_ABOUT_RETURN_TYPE = YES_ERROR;
				GCC_WARN_UNDECLARED_SELECTOR = YES;
				GCC_WARN_UNINITIALIZED_AUTOS = YES_AGGRESSIVE;
				GCC_WARN_UNUSED_FUNCTION = YES;
				GCC_WARN_UNUSED_VARIABLE = YES;
				IPHONEOS_DEPLOYMENT_TARGET = 9.3;
				MTL_ENABLE_DEBUG_INFO = YES;
				ONLY_ACTIVE_ARCH = YES;
				SDKROOT = iphoneos;
				SWIFT_OPTIMIZATION_LEVEL = "-Onone";
				TARGETED_DEVICE_FAMILY = "1,2";
			};
			name = Debug;
		};
		3720AC9C1DA9DCF400F2CD07 /* Release */ = {
			isa = XCBuildConfiguration;
			buildSettings = {
				ALWAYS_SEARCH_USER_PATHS = NO;
				CLANG_ANALYZER_NONNULL = YES;
				CLANG_CXX_LANGUAGE_STANDARD = "gnu++0x";
				CLANG_CXX_LIBRARY = "libc++";
				CLANG_ENABLE_MODULES = YES;
				CLANG_ENABLE_OBJC_ARC = YES;
				CLANG_WARN_BOOL_CONVERSION = YES;
				CLANG_WARN_CONSTANT_CONVERSION = YES;
				CLANG_WARN_DIRECT_OBJC_ISA_USAGE = YES_ERROR;
				CLANG_WARN_EMPTY_BODY = YES;
				CLANG_WARN_ENUM_CONVERSION = YES;
				CLANG_WARN_INT_CONVERSION = YES;
				CLANG_WARN_OBJC_ROOT_CLASS = YES_ERROR;
				CLANG_WARN_UNREACHABLE_CODE = YES;
				CLANG_WARN__DUPLICATE_METHOD_MATCH = YES;
				"CODE_SIGN_IDENTITY[sdk=iphoneos*]" = "iPhone Developer";
				COPY_PHASE_STRIP = NO;
				DEBUG_INFORMATION_FORMAT = "dwarf-with-dsym";
				ENABLE_NS_ASSERTIONS = NO;
				ENABLE_STRICT_OBJC_MSGSEND = YES;
				GCC_C_LANGUAGE_STANDARD = gnu99;
				GCC_NO_COMMON_BLOCKS = YES;
				GCC_WARN_64_TO_32_BIT_CONVERSION = YES;
				GCC_WARN_ABOUT_RETURN_TYPE = YES_ERROR;
				GCC_WARN_UNDECLARED_SELECTOR = YES;
				GCC_WARN_UNINITIALIZED_AUTOS = YES_AGGRESSIVE;
				GCC_WARN_UNUSED_FUNCTION = YES;
				GCC_WARN_UNUSED_VARIABLE = YES;
				IPHONEOS_DEPLOYMENT_TARGET = 9.3;
				MTL_ENABLE_DEBUG_INFO = NO;
				SDKROOT = iphoneos;
				TARGETED_DEVICE_FAMILY = "1,2";
				VALIDATE_PRODUCT = YES;
			};
			name = Release;
		};
		3720AC9E1DA9DCF400F2CD07 /* Debug */ = {
			isa = XCBuildConfiguration;
			buildSettings = {
				ASSETCATALOG_COMPILER_APPICON_NAME = AppIcon;
				INFOPLIST_FILE = firstApp/Info.plist;
				LD_RUNPATH_SEARCH_PATHS = "$(inherited) @executable_path/Frameworks";
				PRODUCT_BUNDLE_IDENTIFIER = com.app.firstApp;
				PRODUCT_NAME = "$(TARGET_NAME)";
			};
			name = Debug;
		};
		3720AC9F1DA9DCF400F2CD07 /* Release */ = {
			isa = XCBuildConfiguration;
			buildSettings = {
				ASSETCATALOG_COMPILER_APPICON_NAME = AppIcon;
				INFOPLIST_FILE = firstApp/Info.plist;
				LD_RUNPATH_SEARCH_PATHS = "$(inherited) @executable_path/Frameworks";
				PRODUCT_BUNDLE_IDENTIFIER = com.app.firstApp;
				PRODUCT_NAME = "$(TARGET_NAME)";
			};
			name = Release;
		};
		3720ACA11DA9DCF400F2CD07 /* Debug */ = {
			isa = XCBuildConfiguration;
			buildSettings = {
				BUNDLE_LOADER = "$(TEST_HOST)";
				INFOPLIST_FILE = firstAppTests/Info.plist;
				LD_RUNPATH_SEARCH_PATHS = "$(inherited) @executable_path/Frameworks @loader_path/Frameworks";
				PRODUCT_BUNDLE_IDENTIFIER = com.app.firstAppTests;
				PRODUCT_NAME = "$(TARGET_NAME)";
				TEST_HOST = "$(BUILT_PRODUCTS_DIR)/firstApp.app/firstApp";
			};
			name = Debug;
		};
		3720ACA21DA9DCF400F2CD07 /* Release */ = {
			isa = XCBuildConfiguration;
			buildSettings = {
				BUNDLE_LOADER = "$(TEST_HOST)";
				INFOPLIST_FILE = firstAppTests/Info.plist;
				LD_RUNPATH_SEARCH_PATHS = "$(inherited) @executable_path/Frameworks @loader_path/Frameworks";
				PRODUCT_BUNDLE_IDENTIFIER = com.app.firstAppTests;
				PRODUCT_NAME = "$(TARGET_NAME)";
				TEST_HOST = "$(BUILT_PRODUCTS_DIR)/firstApp.app/firstApp";
			};
			name = Release;
		};
		3720ACA41DA9DCF400F2CD07 /* Debug */ = {
			isa = XCBuildConfiguration;
			buildSettings = {
				INFOPLIST_FILE = firstAppUITests/Info.plist;
				LD_RUNPATH_SEARCH_PATHS = "$(inherited) @executable_path/Frameworks @loader_path/Frameworks";
				PRODUCT_BUNDLE_IDENTIFIER = com.app.firstAppUITests;
				PRODUCT_NAME = "$(TARGET_NAME)";
				TEST_TARGET_NAME = firstApp;
			};
			name = Debug;
		};
		3720ACA51DA9DCF400F2CD07 /* Release */ = {
			isa = XCBuildConfiguration;
			buildSettings = {
				INFOPLIST_FILE = firstAppUITests/Info.plist;
				LD_RUNPATH_SEARCH_PATHS = "$(inherited) @executable_path/Frameworks @loader_path/Frameworks";
				PRODUCT_BUNDLE_IDENTIFIER = com.app.firstAppUITests;
				PRODUCT_NAME = "$(TARGET_NAME)";
				TEST_TARGET_NAME = firstApp;
			};
			name = Release;
		};
/* End XCBuildConfiguration section */

/* Begin XCConfigurationList section */
		3720AC701DA9DCF400F2CD07 /* Build configuration list for PBXProject "firstApp" */ = {
			isa = XCConfigurationList;
			buildConfigurations = (
				3720AC9B1DA9DCF400F2CD07 /* Debug */,
				3720AC9C1DA9DCF400F2CD07 /* Release */,
			);
			defaultConfigurationIsVisible = 0;
			defaultConfigurationName = Release;
		};
		3720AC9D1DA9DCF400F2CD07 /* Build configuration list for PBXNativeTarget "firstApp" */ = {
			isa = XCConfigurationList;
			buildConfigurations = (
				3720AC9E1DA9DCF400F2CD07 /* Debug */,
				3720AC9F1DA9DCF400F2CD07 /* Release */,
			);
			defaultConfigurationIsVisible = 0;
		};
		3720ACA01DA9DCF400F2CD07 /* Build configuration list for PBXNativeTarget "firstAppTests" */ = {
			isa = XCConfigurationList;
			buildConfigurations = (
				3720ACA11DA9DCF400F2CD07 /* Debug */,
				3720ACA21DA9DCF400F2CD07 /* Release */,
			);
			defaultConfigurationIsVisible = 0;
		};
		3720ACA31DA9DCF400F2CD07 /* Build configuration list for PBXNativeTarget "firstAppUITests" */ = {
			isa = XCConfigurationList;
			buildConfigurations = (
				3720ACA41DA9DCF400F2CD07 /* Debug */,
				3720ACA51DA9DCF400F2CD07 /* Release */,
			);
			defaultConfigurationIsVisible = 0;
		};
/* End XCConfigurationList section */
	};
	rootObject = 3720AC6D1DA9DCF400F2CD07 /* Project object */;
}
